
Microsoft Visual Studio Solution File, Format Version 12.00
# Visual Studio Version 16
VisualStudioVersion = 16.0.31205.134
MinimumVisualStudioVersion = 10.0.40219.1
Project("{9A19103F-16F7-4668-BE54-9A1E7A4F7556}") = "Basic stack opperations", "Advanced Csharp\Basic stack opperations.csproj", "{447890D2-4476-49C7-93FC-BA4432ED481E}"
EndProject
Project("{2150E333-8FDC-42A3-9474-1A3956D46DE8}") = "StacksAndQueues", "StacksAndQueues", "{D0D5B3B6-D5D2-4E58-8C4F-755A06B4CCFB}"
EndProject
Project("{9A19103F-16F7-4668-BE54-9A1E7A4F7556}") = "Basic queue opperations", "02 Basic stack opperations\Basic queue opperations.csproj", "{98F1130D-EAD6-4925-95BF-225D1ED0C016}"
EndProject
Project("{9A19103F-16F7-4668-BE54-9A1E7A4F7556}") = "Maximum and Minimum element", "Maximum and Minimum element\Maximum and Minimum element.csproj", "{9556A299-6EAF-403C-AD8C-3B5FC0FC4617}"
EndProject
Project("{9A19103F-16F7-4668-BE54-9A1E7A4F7556}") = "Fast food", "Fast food\Fast food.csproj", "{E19DF593-D0FA-4D4A-8930-E6A266E456D1}"
EndProject
Project("{9A19103F-16F7-4668-BE54-9A1E7A4F7556}") = "Fashion Boutique", "Fashion Boutique\Fashion Boutique.csproj", "{A2A3C3FE-644D-4336-B7F8-7580CAB761D2}"
EndProject
Project("{9A19103F-16F7-4668-BE54-9A1E7A4F7556}") = "Songs Queue", "Songs Queue\Songs Queue.csproj", "{A5B69E5F-9950-47A3-9F4A-0D7947BAFCAE}"
EndProject
Project("{9A19103F-16F7-4668-BE54-9A1E7A4F7556}") = "Truck tour V2", "Truck tour V2\Truck tour V2.csproj", "{BB6F8A46-9096-4CFF-BE45-86966D31737D}"
EndProject
Project("{9A19103F-16F7-4668-BE54-9A1E7A4F7556}") = "Balanced Parentheses", "Balanced Parentheses\Balanced Parentheses.csproj", "{45EA14A9-A8ED-447A-98DD-4661987EA364}"
EndProject
Project("{9A19103F-16F7-4668-BE54-9A1E7A4F7556}") = "Simple Text Editor", "Simple Text Editor\Simple Text Editor.csproj", "{DE082B6B-0E9E-4EEB-86DD-CAC81A91A7A2}"
EndProject
Project("{2150E333-8FDC-42A3-9474-1A3956D46DE8}") = "SetsAndDictionaries", "SetsAndDictionaries", "{C76ACDBB-B4E5-47D2-8267-7BAE75AF8572}"
EndProject
Project("{9A19103F-16F7-4668-BE54-9A1E7A4F7556}") = "Unique Usernames", "Unique Usernames\Unique Usernames.csproj", "{3B707C2F-69C1-4825-B394-15E9C3C36004}"
EndProject
Project("{9A19103F-16F7-4668-BE54-9A1E7A4F7556}") = "Sets of Elements", "Sets of Elements\Sets of Elements.csproj", "{2B578F59-B481-4768-9AF2-3CEE92A0C416}"
EndProject
Project("{9A19103F-16F7-4668-BE54-9A1E7A4F7556}") = "Periodic table", "Periodic table\Periodic table.csproj", "{B8109463-88F3-4B67-AB1B-F68DB098BB5D}"
EndProject
Project("{9A19103F-16F7-4668-BE54-9A1E7A4F7556}") = "Even times", "Even times\Even times.csproj", "{39B3C387-2053-4A2C-B286-5F270D85EDFE}"
EndProject
Project("{9A19103F-16F7-4668-BE54-9A1E7A4F7556}") = "Count symbols", "Count symbols\Count symbols.csproj", "{CAB9642C-28CA-41D4-BF41-5BC5FAB255F3}"
EndProject
Project("{9A19103F-16F7-4668-BE54-9A1E7A4F7556}") = "Wardrobe", "Wardrobe\Wardrobe.csproj", "{D4DFCACB-9CB0-4930-AA0C-918F6CD7A2FF}"
EndProject
Project("{2150E333-8FDC-42A3-9474-1A3956D46DE8}") = "Multidimensinal Arrays", "Multidimensinal Arrays", "{16F98CBE-A3BC-4E63-B660-6A29A1F80A1F}"
EndProject
Project("{9A19103F-16F7-4668-BE54-9A1E7A4F7556}") = "Diagonal Difference", "Diagonal Difference\Diagonal Difference.csproj", "{07D5F86A-B1D7-4BC9-BFCD-1D6E9A40B13C}"
EndProject
Project("{9A19103F-16F7-4668-BE54-9A1E7A4F7556}") = "Sum Matrix Colums", "Sum Matrix Colums\Sum Matrix Colums.csproj", "{01B44C5B-B2E6-4CB3-88B6-AD67159D1C4C}"
EndProject
Project("{9A19103F-16F7-4668-BE54-9A1E7A4F7556}") = "Sum matrix elements", "Sum matrix elements\Sum matrix elements.csproj", "{72FE6981-112B-4E50-9B54-EA7A8B6F6D49}"
EndProject
Project("{9A19103F-16F7-4668-BE54-9A1E7A4F7556}") = "Symbol in matrix", "Symbol in matrix\Symbol in matrix.csproj", "{467E0209-BE4C-44BA-B8A4-B9D1AA0A230D}"
EndProject
Project("{9A19103F-16F7-4668-BE54-9A1E7A4F7556}") = "Square with maximum sum", "Square with maximum sum\Square with maximum sum.csproj", "{F6312262-358F-4C50-B961-4DD3A9A028CC}"
EndProject
Project("{9A19103F-16F7-4668-BE54-9A1E7A4F7556}") = "Jagged-Array Modification", "Jagged-Array Modification\Jagged-Array Modification.csproj", "{59EA4596-95E9-4DE2-9600-AB410F6FB566}"
EndProject
Project("{9A19103F-16F7-4668-BE54-9A1E7A4F7556}") = "Pascal triangle", "Pascal triangle\Pascal triangle.csproj", "{AF306204-1812-4772-B601-79C10FF42EE0}"
EndProject
Project("{9A19103F-16F7-4668-BE54-9A1E7A4F7556}") = "Even lanes", "Even lanes\Even lanes.csproj", "{2C46E33B-CB8E-4FD6-ACA5-A661B846FCAD}"
EndProject
Project("{2150E333-8FDC-42A3-9474-1A3956D46DE8}") = "Streams and files", "Streams and files", "{A8F379D0-D98D-4D6B-A1BB-E6EB4B9C16FC}"
EndProject
Project("{9A19103F-16F7-4668-BE54-9A1E7A4F7556}") = "Lane number", "Lane number\Lane number.csproj", "{9B144D70-D837-4C6E-A192-F81E8ADAEFBF}"
EndProject
Project("{9A19103F-16F7-4668-BE54-9A1E7A4F7556}") = "Word Count", "Words Count\Word Count.csproj", "{5B216E8D-3420-4952-91B9-54BF1FF4BEC7}"
EndProject
Project("{9A19103F-16F7-4668-BE54-9A1E7A4F7556}") = "Copy binary file", "Copy binary file\Copy binary file.csproj", "{DB786E94-8AB3-4515-A769-053EE180D720}"
EndProject
Project("{9A19103F-16F7-4668-BE54-9A1E7A4F7556}") = "Dictionary traversal", "Dictionary traversal\Dictionary traversal.csproj", "{1FD40A47-F07D-43F3-882E-DD9C0693152E}"
EndProject
Project("{9A19103F-16F7-4668-BE54-9A1E7A4F7556}") = "Zip file and extract", "Zip file and extract\Zip file and extract.csproj", "{F4FB4DA3-4A72-44C7-AFF9-44C7E8BBBE01}"
EndProject
Project("{9A19103F-16F7-4668-BE54-9A1E7A4F7556}") = "Action point", "Action point\Action point.csproj", "{2F0C3AE5-F136-4B83-B9A4-BF0F7BF46B88}"
EndProject
Project("{2150E333-8FDC-42A3-9474-1A3956D46DE8}") = "Functional programming", "Functional programming", "{ECEBE0FA-F302-4439-B48D-A62FA9E3C57F}"
EndProject
Project("{9A19103F-16F7-4668-BE54-9A1E7A4F7556}") = "Knights of honor", "Knights of honor\Knights of honor.csproj", "{2154A8EA-61AF-47D0-A2CA-7397F385283A}"
EndProject
Project("{9A19103F-16F7-4668-BE54-9A1E7A4F7556}") = "Custom min fuction", "Custom min fuction\Custom min fuction.csproj", "{FE28A1B9-2844-49FA-8AB7-E814F7557EC8}"
EndProject
Project("{9A19103F-16F7-4668-BE54-9A1E7A4F7556}") = "Find evens or odds", "Find evens or odds\Find evens or odds.csproj", "{DF1A04E5-E59C-47FF-9E95-D71EB2DAD0B2}"
EndProject
Project("{9A19103F-16F7-4668-BE54-9A1E7A4F7556}") = "Apllied arithmetics", "Apllied arithmetics\Apllied arithmetics.csproj", "{E54E58A8-F406-48F6-A286-BE12C8658906}"
EndProject
Project("{9A19103F-16F7-4668-BE54-9A1E7A4F7556}") = "Reverse and exclude", "Reverse and exclude\Reverse and exclude.csproj", "{73E17D45-D11F-4BAC-BF78-BD0E9F9AF44E}"
EndProject
Project("{9A19103F-16F7-4668-BE54-9A1E7A4F7556}") = "Predicate for names", "Predicate for names\Predicate for names.csproj", "{CEF59E93-925C-4DA6-AF12-78285668BE96}"
EndProject
Project("{9A19103F-16F7-4668-BE54-9A1E7A4F7556}") = "Custom Comparator", "Custom Comparator\Custom Comparator.csproj", "{037F8751-0337-4630-90CE-E7A42B92E14E}"
EndProject
Project("{9A19103F-16F7-4668-BE54-9A1E7A4F7556}") = "List of predicates", "List of predicates\List of predicates.csproj", "{2FE73764-BB88-4A31-A817-2B93D85C198A}"
EndProject
Project("{9A19103F-16F7-4668-BE54-9A1E7A4F7556}") = "Define a class person", "Define a class person\Define a class person.csproj", "{1D9818DA-99D7-4689-B933-DAFDDA513EEF}"
EndProject
Project("{2150E333-8FDC-42A3-9474-1A3956D46DE8}") = "Classes", "Classes", "{A32B83A1-3D2C-4413-8FC7-0CD943F91CFD}"
EndProject
Project("{9A19103F-16F7-4668-BE54-9A1E7A4F7556}") = "Oldest family member", "Oldest family member\Oldest family member.csproj", "{225C6A98-5F66-4090-8C4F-4E5509CA0984}"
EndProject
Project("{9A19103F-16F7-4668-BE54-9A1E7A4F7556}") = "Scheduling", "Scheduling\Scheduling.csproj", "{91AC4541-7D73-4BA5-9F28-6A5F19A46CA7}"
EndProject
Project("{2150E333-8FDC-42A3-9474-1A3956D46DE8}") = "Exam preparation", "Exam preparation", "{A29770BA-0592-4A65-A153-13737FFC9135}"
EndProject
Project("{9A19103F-16F7-4668-BE54-9A1E7A4F7556}") = "Garden", "Garden\Garden.csproj", "{952E2AFB-BCF6-4A00-92B6-3F269174E52A}"
EndProject
Project("{FAE04EC0-301F-11D3-BF4B-00C04F79EFBC}") = "Generic box of string", "Generic box of string\Generic box of string.csproj", "{67CC3963-3D10-49E0-A8A2-D490F5BD4F79}"
EndProject
Project("{2150E333-8FDC-42A3-9474-1A3956D46DE8}") = "Generics", "Generics", "{C0CCD465-1E20-48A8-8787-54FFCA5B7124}"
EndProject
Project("{FAE04EC0-301F-11D3-BF4B-00C04F79EFBC}") = "Tuple", "Tuple\Tuple.csproj", "{4C49C458-6922-4F22-A44C-7889AFF40719}"
EndProject
Global
	GlobalSection(SolutionConfigurationPlatforms) = preSolution
		Debug|Any CPU = Debug|Any CPU
		Release|Any CPU = Release|Any CPU
	EndGlobalSection
	GlobalSection(ProjectConfigurationPlatforms) = postSolution
		{447890D2-4476-49C7-93FC-BA4432ED481E}.Debug|Any CPU.ActiveCfg = Debug|Any CPU
		{447890D2-4476-49C7-93FC-BA4432ED481E}.Debug|Any CPU.Build.0 = Debug|Any CPU
		{447890D2-4476-49C7-93FC-BA4432ED481E}.Release|Any CPU.ActiveCfg = Release|Any CPU
		{447890D2-4476-49C7-93FC-BA4432ED481E}.Release|Any CPU.Build.0 = Release|Any CPU
		{98F1130D-EAD6-4925-95BF-225D1ED0C016}.Debug|Any CPU.ActiveCfg = Debug|Any CPU
		{98F1130D-EAD6-4925-95BF-225D1ED0C016}.Debug|Any CPU.Build.0 = Debug|Any CPU
		{98F1130D-EAD6-4925-95BF-225D1ED0C016}.Release|Any CPU.ActiveCfg = Release|Any CPU
		{98F1130D-EAD6-4925-95BF-225D1ED0C016}.Release|Any CPU.Build.0 = Release|Any CPU
		{9556A299-6EAF-403C-AD8C-3B5FC0FC4617}.Debug|Any CPU.ActiveCfg = Debug|Any CPU
		{9556A299-6EAF-403C-AD8C-3B5FC0FC4617}.Debug|Any CPU.Build.0 = Debug|Any CPU
		{9556A299-6EAF-403C-AD8C-3B5FC0FC4617}.Release|Any CPU.ActiveCfg = Release|Any CPU
		{9556A299-6EAF-403C-AD8C-3B5FC0FC4617}.Release|Any CPU.Build.0 = Release|Any CPU
		{E19DF593-D0FA-4D4A-8930-E6A266E456D1}.Debug|Any CPU.ActiveCfg = Debug|Any CPU
		{E19DF593-D0FA-4D4A-8930-E6A266E456D1}.Debug|Any CPU.Build.0 = Debug|Any CPU
		{E19DF593-D0FA-4D4A-8930-E6A266E456D1}.Release|Any CPU.ActiveCfg = Release|Any CPU
		{E19DF593-D0FA-4D4A-8930-E6A266E456D1}.Release|Any CPU.Build.0 = Release|Any CPU
		{A2A3C3FE-644D-4336-B7F8-7580CAB761D2}.Debug|Any CPU.ActiveCfg = Debug|Any CPU
		{A2A3C3FE-644D-4336-B7F8-7580CAB761D2}.Debug|Any CPU.Build.0 = Debug|Any CPU
		{A2A3C3FE-644D-4336-B7F8-7580CAB761D2}.Release|Any CPU.ActiveCfg = Release|Any CPU
		{A2A3C3FE-644D-4336-B7F8-7580CAB761D2}.Release|Any CPU.Build.0 = Release|Any CPU
		{A5B69E5F-9950-47A3-9F4A-0D7947BAFCAE}.Debug|Any CPU.ActiveCfg = Debug|Any CPU
		{A5B69E5F-9950-47A3-9F4A-0D7947BAFCAE}.Debug|Any CPU.Build.0 = Debug|Any CPU
		{A5B69E5F-9950-47A3-9F4A-0D7947BAFCAE}.Release|Any CPU.ActiveCfg = Release|Any CPU
		{A5B69E5F-9950-47A3-9F4A-0D7947BAFCAE}.Release|Any CPU.Build.0 = Release|Any CPU
		{BB6F8A46-9096-4CFF-BE45-86966D31737D}.Debug|Any CPU.ActiveCfg = Debug|Any CPU
		{BB6F8A46-9096-4CFF-BE45-86966D31737D}.Debug|Any CPU.Build.0 = Debug|Any CPU
		{BB6F8A46-9096-4CFF-BE45-86966D31737D}.Release|Any CPU.ActiveCfg = Release|Any CPU
		{BB6F8A46-9096-4CFF-BE45-86966D31737D}.Release|Any CPU.Build.0 = Release|Any CPU
		{45EA14A9-A8ED-447A-98DD-4661987EA364}.Debug|Any CPU.ActiveCfg = Debug|Any CPU
		{45EA14A9-A8ED-447A-98DD-4661987EA364}.Debug|Any CPU.Build.0 = Debug|Any CPU
		{45EA14A9-A8ED-447A-98DD-4661987EA364}.Release|Any CPU.ActiveCfg = Release|Any CPU
		{45EA14A9-A8ED-447A-98DD-4661987EA364}.Release|Any CPU.Build.0 = Release|Any CPU
		{DE082B6B-0E9E-4EEB-86DD-CAC81A91A7A2}.Debug|Any CPU.ActiveCfg = Debug|Any CPU
		{DE082B6B-0E9E-4EEB-86DD-CAC81A91A7A2}.Debug|Any CPU.Build.0 = Debug|Any CPU
		{DE082B6B-0E9E-4EEB-86DD-CAC81A91A7A2}.Release|Any CPU.ActiveCfg = Release|Any CPU
		{DE082B6B-0E9E-4EEB-86DD-CAC81A91A7A2}.Release|Any CPU.Build.0 = Release|Any CPU
		{3B707C2F-69C1-4825-B394-15E9C3C36004}.Debug|Any CPU.ActiveCfg = Debug|Any CPU
		{3B707C2F-69C1-4825-B394-15E9C3C36004}.Debug|Any CPU.Build.0 = Debug|Any CPU
		{3B707C2F-69C1-4825-B394-15E9C3C36004}.Release|Any CPU.ActiveCfg = Release|Any CPU
		{3B707C2F-69C1-4825-B394-15E9C3C36004}.Release|Any CPU.Build.0 = Release|Any CPU
		{2B578F59-B481-4768-9AF2-3CEE92A0C416}.Debug|Any CPU.ActiveCfg = Debug|Any CPU
		{2B578F59-B481-4768-9AF2-3CEE92A0C416}.Debug|Any CPU.Build.0 = Debug|Any CPU
		{2B578F59-B481-4768-9AF2-3CEE92A0C416}.Release|Any CPU.ActiveCfg = Release|Any CPU
		{2B578F59-B481-4768-9AF2-3CEE92A0C416}.Release|Any CPU.Build.0 = Release|Any CPU
		{B8109463-88F3-4B67-AB1B-F68DB098BB5D}.Debug|Any CPU.ActiveCfg = Debug|Any CPU
		{B8109463-88F3-4B67-AB1B-F68DB098BB5D}.Debug|Any CPU.Build.0 = Debug|Any CPU
		{B8109463-88F3-4B67-AB1B-F68DB098BB5D}.Release|Any CPU.ActiveCfg = Release|Any CPU
		{B8109463-88F3-4B67-AB1B-F68DB098BB5D}.Release|Any CPU.Build.0 = Release|Any CPU
		{39B3C387-2053-4A2C-B286-5F270D85EDFE}.Debug|Any CPU.ActiveCfg = Debug|Any CPU
		{39B3C387-2053-4A2C-B286-5F270D85EDFE}.Debug|Any CPU.Build.0 = Debug|Any CPU
		{39B3C387-2053-4A2C-B286-5F270D85EDFE}.Release|Any CPU.ActiveCfg = Release|Any CPU
		{39B3C387-2053-4A2C-B286-5F270D85EDFE}.Release|Any CPU.Build.0 = Release|Any CPU
		{CAB9642C-28CA-41D4-BF41-5BC5FAB255F3}.Debug|Any CPU.ActiveCfg = Debug|Any CPU
		{CAB9642C-28CA-41D4-BF41-5BC5FAB255F3}.Debug|Any CPU.Build.0 = Debug|Any CPU
		{CAB9642C-28CA-41D4-BF41-5BC5FAB255F3}.Release|Any CPU.ActiveCfg = Release|Any CPU
		{CAB9642C-28CA-41D4-BF41-5BC5FAB255F3}.Release|Any CPU.Build.0 = Release|Any CPU
		{D4DFCACB-9CB0-4930-AA0C-918F6CD7A2FF}.Debug|Any CPU.ActiveCfg = Debug|Any CPU
		{D4DFCACB-9CB0-4930-AA0C-918F6CD7A2FF}.Debug|Any CPU.Build.0 = Debug|Any CPU
		{D4DFCACB-9CB0-4930-AA0C-918F6CD7A2FF}.Release|Any CPU.ActiveCfg = Release|Any CPU
		{D4DFCACB-9CB0-4930-AA0C-918F6CD7A2FF}.Release|Any CPU.Build.0 = Release|Any CPU
		{07D5F86A-B1D7-4BC9-BFCD-1D6E9A40B13C}.Debug|Any CPU.ActiveCfg = Debug|Any CPU
		{07D5F86A-B1D7-4BC9-BFCD-1D6E9A40B13C}.Debug|Any CPU.Build.0 = Debug|Any CPU
		{07D5F86A-B1D7-4BC9-BFCD-1D6E9A40B13C}.Release|Any CPU.ActiveCfg = Release|Any CPU
		{07D5F86A-B1D7-4BC9-BFCD-1D6E9A40B13C}.Release|Any CPU.Build.0 = Release|Any CPU
		{01B44C5B-B2E6-4CB3-88B6-AD67159D1C4C}.Debug|Any CPU.ActiveCfg = Debug|Any CPU
		{01B44C5B-B2E6-4CB3-88B6-AD67159D1C4C}.Debug|Any CPU.Build.0 = Debug|Any CPU
		{01B44C5B-B2E6-4CB3-88B6-AD67159D1C4C}.Release|Any CPU.ActiveCfg = Release|Any CPU
		{01B44C5B-B2E6-4CB3-88B6-AD67159D1C4C}.Release|Any CPU.Build.0 = Release|Any CPU
		{72FE6981-112B-4E50-9B54-EA7A8B6F6D49}.Debug|Any CPU.ActiveCfg = Debug|Any CPU
		{72FE6981-112B-4E50-9B54-EA7A8B6F6D49}.Debug|Any CPU.Build.0 = Debug|Any CPU
		{72FE6981-112B-4E50-9B54-EA7A8B6F6D49}.Release|Any CPU.ActiveCfg = Release|Any CPU
		{72FE6981-112B-4E50-9B54-EA7A8B6F6D49}.Release|Any CPU.Build.0 = Release|Any CPU
		{467E0209-BE4C-44BA-B8A4-B9D1AA0A230D}.Debug|Any CPU.ActiveCfg = Debug|Any CPU
		{467E0209-BE4C-44BA-B8A4-B9D1AA0A230D}.Debug|Any CPU.Build.0 = Debug|Any CPU
		{467E0209-BE4C-44BA-B8A4-B9D1AA0A230D}.Release|Any CPU.ActiveCfg = Release|Any CPU
		{467E0209-BE4C-44BA-B8A4-B9D1AA0A230D}.Release|Any CPU.Build.0 = Release|Any CPU
		{F6312262-358F-4C50-B961-4DD3A9A028CC}.Debug|Any CPU.ActiveCfg = Debug|Any CPU
		{F6312262-358F-4C50-B961-4DD3A9A028CC}.Debug|Any CPU.Build.0 = Debug|Any CPU
		{F6312262-358F-4C50-B961-4DD3A9A028CC}.Release|Any CPU.ActiveCfg = Release|Any CPU
		{F6312262-358F-4C50-B961-4DD3A9A028CC}.Release|Any CPU.Build.0 = Release|Any CPU
		{59EA4596-95E9-4DE2-9600-AB410F6FB566}.Debug|Any CPU.ActiveCfg = Debug|Any CPU
		{59EA4596-95E9-4DE2-9600-AB410F6FB566}.Debug|Any CPU.Build.0 = Debug|Any CPU
		{59EA4596-95E9-4DE2-9600-AB410F6FB566}.Release|Any CPU.ActiveCfg = Release|Any CPU
		{59EA4596-95E9-4DE2-9600-AB410F6FB566}.Release|Any CPU.Build.0 = Release|Any CPU
		{AF306204-1812-4772-B601-79C10FF42EE0}.Debug|Any CPU.ActiveCfg = Debug|Any CPU
		{AF306204-1812-4772-B601-79C10FF42EE0}.Debug|Any CPU.Build.0 = Debug|Any CPU
		{AF306204-1812-4772-B601-79C10FF42EE0}.Release|Any CPU.ActiveCfg = Release|Any CPU
		{AF306204-1812-4772-B601-79C10FF42EE0}.Release|Any CPU.Build.0 = Release|Any CPU
		{2C46E33B-CB8E-4FD6-ACA5-A661B846FCAD}.Debug|Any CPU.ActiveCfg = Debug|Any CPU
		{2C46E33B-CB8E-4FD6-ACA5-A661B846FCAD}.Debug|Any CPU.Build.0 = Debug|Any CPU
		{2C46E33B-CB8E-4FD6-ACA5-A661B846FCAD}.Release|Any CPU.ActiveCfg = Release|Any CPU
		{2C46E33B-CB8E-4FD6-ACA5-A661B846FCAD}.Release|Any CPU.Build.0 = Release|Any CPU
		{9B144D70-D837-4C6E-A192-F81E8ADAEFBF}.Debug|Any CPU.ActiveCfg = Debug|Any CPU
		{9B144D70-D837-4C6E-A192-F81E8ADAEFBF}.Debug|Any CPU.Build.0 = Debug|Any CPU
		{9B144D70-D837-4C6E-A192-F81E8ADAEFBF}.Release|Any CPU.ActiveCfg = Release|Any CPU
		{9B144D70-D837-4C6E-A192-F81E8ADAEFBF}.Release|Any CPU.Build.0 = Release|Any CPU
		{5B216E8D-3420-4952-91B9-54BF1FF4BEC7}.Debug|Any CPU.ActiveCfg = Debug|Any CPU
		{5B216E8D-3420-4952-91B9-54BF1FF4BEC7}.Debug|Any CPU.Build.0 = Debug|Any CPU
		{5B216E8D-3420-4952-91B9-54BF1FF4BEC7}.Release|Any CPU.ActiveCfg = Release|Any CPU
		{5B216E8D-3420-4952-91B9-54BF1FF4BEC7}.Release|Any CPU.Build.0 = Release|Any CPU
		{DB786E94-8AB3-4515-A769-053EE180D720}.Debug|Any CPU.ActiveCfg = Debug|Any CPU
		{DB786E94-8AB3-4515-A769-053EE180D720}.Debug|Any CPU.Build.0 = Debug|Any CPU
		{DB786E94-8AB3-4515-A769-053EE180D720}.Release|Any CPU.ActiveCfg = Release|Any CPU
		{DB786E94-8AB3-4515-A769-053EE180D720}.Release|Any CPU.Build.0 = Release|Any CPU
		{1FD40A47-F07D-43F3-882E-DD9C0693152E}.Debug|Any CPU.ActiveCfg = Debug|Any CPU
		{1FD40A47-F07D-43F3-882E-DD9C0693152E}.Debug|Any CPU.Build.0 = Debug|Any CPU
		{1FD40A47-F07D-43F3-882E-DD9C0693152E}.Release|Any CPU.ActiveCfg = Release|Any CPU
		{1FD40A47-F07D-43F3-882E-DD9C0693152E}.Release|Any CPU.Build.0 = Release|Any CPU
		{F4FB4DA3-4A72-44C7-AFF9-44C7E8BBBE01}.Debug|Any CPU.ActiveCfg = Debug|Any CPU
		{F4FB4DA3-4A72-44C7-AFF9-44C7E8BBBE01}.Debug|Any CPU.Build.0 = Debug|Any CPU
		{F4FB4DA3-4A72-44C7-AFF9-44C7E8BBBE01}.Release|Any CPU.ActiveCfg = Release|Any CPU
		{F4FB4DA3-4A72-44C7-AFF9-44C7E8BBBE01}.Release|Any CPU.Build.0 = Release|Any CPU
		{2F0C3AE5-F136-4B83-B9A4-BF0F7BF46B88}.Debug|Any CPU.ActiveCfg = Debug|Any CPU
		{2F0C3AE5-F136-4B83-B9A4-BF0F7BF46B88}.Debug|Any CPU.Build.0 = Debug|Any CPU
		{2F0C3AE5-F136-4B83-B9A4-BF0F7BF46B88}.Release|Any CPU.ActiveCfg = Release|Any CPU
		{2F0C3AE5-F136-4B83-B9A4-BF0F7BF46B88}.Release|Any CPU.Build.0 = Release|Any CPU
		{2154A8EA-61AF-47D0-A2CA-7397F385283A}.Debug|Any CPU.ActiveCfg = Debug|Any CPU
		{2154A8EA-61AF-47D0-A2CA-7397F385283A}.Debug|Any CPU.Build.0 = Debug|Any CPU
		{2154A8EA-61AF-47D0-A2CA-7397F385283A}.Release|Any CPU.ActiveCfg = Release|Any CPU
		{2154A8EA-61AF-47D0-A2CA-7397F385283A}.Release|Any CPU.Build.0 = Release|Any CPU
		{FE28A1B9-2844-49FA-8AB7-E814F7557EC8}.Debug|Any CPU.ActiveCfg = Debug|Any CPU
		{FE28A1B9-2844-49FA-8AB7-E814F7557EC8}.Debug|Any CPU.Build.0 = Debug|Any CPU
		{FE28A1B9-2844-49FA-8AB7-E814F7557EC8}.Release|Any CPU.ActiveCfg = Release|Any CPU
		{FE28A1B9-2844-49FA-8AB7-E814F7557EC8}.Release|Any CPU.Build.0 = Release|Any CPU
		{DF1A04E5-E59C-47FF-9E95-D71EB2DAD0B2}.Debug|Any CPU.ActiveCfg = Debug|Any CPU
		{DF1A04E5-E59C-47FF-9E95-D71EB2DAD0B2}.Debug|Any CPU.Build.0 = Debug|Any CPU
		{DF1A04E5-E59C-47FF-9E95-D71EB2DAD0B2}.Release|Any CPU.ActiveCfg = Release|Any CPU
		{DF1A04E5-E59C-47FF-9E95-D71EB2DAD0B2}.Release|Any CPU.Build.0 = Release|Any CPU
		{E54E58A8-F406-48F6-A286-BE12C8658906}.Debug|Any CPU.ActiveCfg = Debug|Any CPU
		{E54E58A8-F406-48F6-A286-BE12C8658906}.Debug|Any CPU.Build.0 = Debug|Any CPU
		{E54E58A8-F406-48F6-A286-BE12C8658906}.Release|Any CPU.ActiveCfg = Release|Any CPU
		{E54E58A8-F406-48F6-A286-BE12C8658906}.Release|Any CPU.Build.0 = Release|Any CPU
		{73E17D45-D11F-4BAC-BF78-BD0E9F9AF44E}.Debug|Any CPU.ActiveCfg = Debug|Any CPU
		{73E17D45-D11F-4BAC-BF78-BD0E9F9AF44E}.Debug|Any CPU.Build.0 = Debug|Any CPU
		{73E17D45-D11F-4BAC-BF78-BD0E9F9AF44E}.Release|Any CPU.ActiveCfg = Release|Any CPU
		{73E17D45-D11F-4BAC-BF78-BD0E9F9AF44E}.Release|Any CPU.Build.0 = Release|Any CPU
		{CEF59E93-925C-4DA6-AF12-78285668BE96}.Debug|Any CPU.ActiveCfg = Debug|Any CPU
		{CEF59E93-925C-4DA6-AF12-78285668BE96}.Debug|Any CPU.Build.0 = Debug|Any CPU
		{CEF59E93-925C-4DA6-AF12-78285668BE96}.Release|Any CPU.ActiveCfg = Release|Any CPU
		{CEF59E93-925C-4DA6-AF12-78285668BE96}.Release|Any CPU.Build.0 = Release|Any CPU
		{037F8751-0337-4630-90CE-E7A42B92E14E}.Debug|Any CPU.ActiveCfg = Debug|Any CPU
		{037F8751-0337-4630-90CE-E7A42B92E14E}.Debug|Any CPU.Build.0 = Debug|Any CPU
		{037F8751-0337-4630-90CE-E7A42B92E14E}.Release|Any CPU.ActiveCfg = Release|Any CPU
		{037F8751-0337-4630-90CE-E7A42B92E14E}.Release|Any CPU.Build.0 = Release|Any CPU
		{2FE73764-BB88-4A31-A817-2B93D85C198A}.Debug|Any CPU.ActiveCfg = Debug|Any CPU
		{2FE73764-BB88-4A31-A817-2B93D85C198A}.Debug|Any CPU.Build.0 = Debug|Any CPU
		{2FE73764-BB88-4A31-A817-2B93D85C198A}.Release|Any CPU.ActiveCfg = Release|Any CPU
		{2FE73764-BB88-4A31-A817-2B93D85C198A}.Release|Any CPU.Build.0 = Release|Any CPU
		{1D9818DA-99D7-4689-B933-DAFDDA513EEF}.Debug|Any CPU.ActiveCfg = Debug|Any CPU
		{1D9818DA-99D7-4689-B933-DAFDDA513EEF}.Debug|Any CPU.Build.0 = Debug|Any CPU
		{1D9818DA-99D7-4689-B933-DAFDDA513EEF}.Release|Any CPU.ActiveCfg = Release|Any CPU
		{1D9818DA-99D7-4689-B933-DAFDDA513EEF}.Release|Any CPU.Build.0 = Release|Any CPU
		{225C6A98-5F66-4090-8C4F-4E5509CA0984}.Debug|Any CPU.ActiveCfg = Debug|Any CPU
		{225C6A98-5F66-4090-8C4F-4E5509CA0984}.Debug|Any CPU.Build.0 = Debug|Any CPU
		{225C6A98-5F66-4090-8C4F-4E5509CA0984}.Release|Any CPU.ActiveCfg = Release|Any CPU
		{225C6A98-5F66-4090-8C4F-4E5509CA0984}.Release|Any CPU.Build.0 = Release|Any CPU
		{91AC4541-7D73-4BA5-9F28-6A5F19A46CA7}.Debug|Any CPU.ActiveCfg = Debug|Any CPU
		{91AC4541-7D73-4BA5-9F28-6A5F19A46CA7}.Debug|Any CPU.Build.0 = Debug|Any CPU
		{91AC4541-7D73-4BA5-9F28-6A5F19A46CA7}.Release|Any CPU.ActiveCfg = Release|Any CPU
		{91AC4541-7D73-4BA5-9F28-6A5F19A46CA7}.Release|Any CPU.Build.0 = Release|Any CPU
		{952E2AFB-BCF6-4A00-92B6-3F269174E52A}.Debug|Any CPU.ActiveCfg = Debug|Any CPU
		{952E2AFB-BCF6-4A00-92B6-3F269174E52A}.Debug|Any CPU.Build.0 = Debug|Any CPU
		{952E2AFB-BCF6-4A00-92B6-3F269174E52A}.Release|Any CPU.ActiveCfg = Release|Any CPU
		{952E2AFB-BCF6-4A00-92B6-3F269174E52A}.Release|Any CPU.Build.0 = Release|Any CPU
		{67CC3963-3D10-49E0-A8A2-D490F5BD4F79}.Debug|Any CPU.ActiveCfg = Debug|Any CPU
		{67CC3963-3D10-49E0-A8A2-D490F5BD4F79}.Debug|Any CPU.Build.0 = Debug|Any CPU
		{67CC3963-3D10-49E0-A8A2-D490F5BD4F79}.Release|Any CPU.ActiveCfg = Release|Any CPU
		{67CC3963-3D10-49E0-A8A2-D490F5BD4F79}.Release|Any CPU.Build.0 = Release|Any CPU
		{4C49C458-6922-4F22-A44C-7889AFF40719}.Debug|Any CPU.ActiveCfg = Debug|Any CPU
		{4C49C458-6922-4F22-A44C-7889AFF40719}.Debug|Any CPU.Build.0 = Debug|Any CPU
		{4C49C458-6922-4F22-A44C-7889AFF40719}.Release|Any CPU.ActiveCfg = Release|Any CPU
		{4C49C458-6922-4F22-A44C-7889AFF40719}.Release|Any CPU.Build.0 = Release|Any CPU
	EndGlobalSection
	GlobalSection(SolutionProperties) = preSolution
		HideSolutionNode = FALSE
	EndGlobalSection
	GlobalSection(NestedProjects) = preSolution
		{447890D2-4476-49C7-93FC-BA4432ED481E} = {D0D5B3B6-D5D2-4E58-8C4F-755A06B4CCFB}
		{98F1130D-EAD6-4925-95BF-225D1ED0C016} = {D0D5B3B6-D5D2-4E58-8C4F-755A06B4CCFB}
		{9556A299-6EAF-403C-AD8C-3B5FC0FC4617} = {D0D5B3B6-D5D2-4E58-8C4F-755A06B4CCFB}
		{E19DF593-D0FA-4D4A-8930-E6A266E456D1} = {D0D5B3B6-D5D2-4E58-8C4F-755A06B4CCFB}
		{A2A3C3FE-644D-4336-B7F8-7580CAB761D2} = {D0D5B3B6-D5D2-4E58-8C4F-755A06B4CCFB}
		{A5B69E5F-9950-47A3-9F4A-0D7947BAFCAE} = {D0D5B3B6-D5D2-4E58-8C4F-755A06B4CCFB}
		{BB6F8A46-9096-4CFF-BE45-86966D31737D} = {D0D5B3B6-D5D2-4E58-8C4F-755A06B4CCFB}
		{45EA14A9-A8ED-447A-98DD-4661987EA364} = {D0D5B3B6-D5D2-4E58-8C4F-755A06B4CCFB}
		{DE082B6B-0E9E-4EEB-86DD-CAC81A91A7A2} = {D0D5B3B6-D5D2-4E58-8C4F-755A06B4CCFB}
		{3B707C2F-69C1-4825-B394-15E9C3C36004} = {C76ACDBB-B4E5-47D2-8267-7BAE75AF8572}
		{2B578F59-B481-4768-9AF2-3CEE92A0C416} = {C76ACDBB-B4E5-47D2-8267-7BAE75AF8572}
		{B8109463-88F3-4B67-AB1B-F68DB098BB5D} = {C76ACDBB-B4E5-47D2-8267-7BAE75AF8572}
		{39B3C387-2053-4A2C-B286-5F270D85EDFE} = {C76ACDBB-B4E5-47D2-8267-7BAE75AF8572}
		{CAB9642C-28CA-41D4-BF41-5BC5FAB255F3} = {C76ACDBB-B4E5-47D2-8267-7BAE75AF8572}
		{D4DFCACB-9CB0-4930-AA0C-918F6CD7A2FF} = {C76ACDBB-B4E5-47D2-8267-7BAE75AF8572}
		{07D5F86A-B1D7-4BC9-BFCD-1D6E9A40B13C} = {16F98CBE-A3BC-4E63-B660-6A29A1F80A1F}
		{01B44C5B-B2E6-4CB3-88B6-AD67159D1C4C} = {16F98CBE-A3BC-4E63-B660-6A29A1F80A1F}
		{72FE6981-112B-4E50-9B54-EA7A8B6F6D49} = {16F98CBE-A3BC-4E63-B660-6A29A1F80A1F}
		{467E0209-BE4C-44BA-B8A4-B9D1AA0A230D} = {16F98CBE-A3BC-4E63-B660-6A29A1F80A1F}
		{F6312262-358F-4C50-B961-4DD3A9A028CC} = {16F98CBE-A3BC-4E63-B660-6A29A1F80A1F}
		{59EA4596-95E9-4DE2-9600-AB410F6FB566} = {16F98CBE-A3BC-4E63-B660-6A29A1F80A1F}
		{AF306204-1812-4772-B601-79C10FF42EE0} = {16F98CBE-A3BC-4E63-B660-6A29A1F80A1F}
		{2C46E33B-CB8E-4FD6-ACA5-A661B846FCAD} = {A8F379D0-D98D-4D6B-A1BB-E6EB4B9C16FC}
		{9B144D70-D837-4C6E-A192-F81E8ADAEFBF} = {A8F379D0-D98D-4D6B-A1BB-E6EB4B9C16FC}
		{5B216E8D-3420-4952-91B9-54BF1FF4BEC7} = {A8F379D0-D98D-4D6B-A1BB-E6EB4B9C16FC}
		{DB786E94-8AB3-4515-A769-053EE180D720} = {A8F379D0-D98D-4D6B-A1BB-E6EB4B9C16FC}
		{1FD40A47-F07D-43F3-882E-DD9C0693152E} = {A8F379D0-D98D-4D6B-A1BB-E6EB4B9C16FC}
		{F4FB4DA3-4A72-44C7-AFF9-44C7E8BBBE01} = {A8F379D0-D98D-4D6B-A1BB-E6EB4B9C16FC}
		{2F0C3AE5-F136-4B83-B9A4-BF0F7BF46B88} = {ECEBE0FA-F302-4439-B48D-A62FA9E3C57F}
		{2154A8EA-61AF-47D0-A2CA-7397F385283A} = {ECEBE0FA-F302-4439-B48D-A62FA9E3C57F}
		{FE28A1B9-2844-49FA-8AB7-E814F7557EC8} = {ECEBE0FA-F302-4439-B48D-A62FA9E3C57F}
		{DF1A04E5-E59C-47FF-9E95-D71EB2DAD0B2} = {ECEBE0FA-F302-4439-B48D-A62FA9E3C57F}
		{E54E58A8-F406-48F6-A286-BE12C8658906} = {ECEBE0FA-F302-4439-B48D-A62FA9E3C57F}
		{73E17D45-D11F-4BAC-BF78-BD0E9F9AF44E} = {ECEBE0FA-F302-4439-B48D-A62FA9E3C57F}
		{CEF59E93-925C-4DA6-AF12-78285668BE96} = {ECEBE0FA-F302-4439-B48D-A62FA9E3C57F}
		{037F8751-0337-4630-90CE-E7A42B92E14E} = {ECEBE0FA-F302-4439-B48D-A62FA9E3C57F}
		{1D9818DA-99D7-4689-B933-DAFDDA513EEF} = {A32B83A1-3D2C-4413-8FC7-0CD943F91CFD}
		{91AC4541-7D73-4BA5-9F28-6A5F19A46CA7} = {A29770BA-0592-4A65-A153-13737FFC9135}
		{952E2AFB-BCF6-4A00-92B6-3F269174E52A} = {A29770BA-0592-4A65-A153-13737FFC9135}
		{67CC3963-3D10-49E0-A8A2-D490F5BD4F79} = {C0CCD465-1E20-48A8-8787-54FFCA5B7124}
	EndGlobalSection
	GlobalSection(ExtensibilityGlobals) = postSolution
		SolutionGuid = {0AB89963-F1D1-452C-BCCC-38FD0E39E066}
	EndGlobalSection
EndGlobal
