
Microsoft Visual Studio Solution File, Format Version 12.00
# Visual Studio Version 16
VisualStudioVersion = 16.0.31205.134
MinimumVisualStudioVersion = 10.0.40219.1
Project("{9A19103F-16F7-4668-BE54-9A1E7A4F7556}") = "Basic stack opperations", "Advanced Csharp\Basic stack opperations.csproj", "{447890D2-4476-49C7-93FC-BA4432ED481E}"
EndProject
Project("{2150E333-8FDC-42A3-9474-1A3956D46DE8}") = "StacksAndQueues", "StacksAndQueues", "{D0D5B3B6-D5D2-4E58-8C4F-755A06B4CCFB}"
EndProject
Project("{9A19103F-16F7-4668-BE54-9A1E7A4F7556}") = "Basic queue opperations", "02 Basic stack opperations\Basic queue opperations.csproj", "{98F1130D-EAD6-4925-95BF-225D1ED0C016}"
EndProject
Project("{9A19103F-16F7-4668-BE54-9A1E7A4F7556}") = "Maximum and Minimum element", "Maximum and Minimum element\Maximum and Minimum element.csproj", "{9556A299-6EAF-403C-AD8C-3B5FC0FC4617}"
EndProject
Project("{9A19103F-16F7-4668-BE54-9A1E7A4F7556}") = "Fast food", "Fast food\Fast food.csproj", "{E19DF593-D0FA-4D4A-8930-E6A266E456D1}"
EndProject
Project("{9A19103F-16F7-4668-BE54-9A1E7A4F7556}") = "Fashion Boutique", "Fashion Boutique\Fashion Boutique.csproj", "{A2A3C3FE-644D-4336-B7F8-7580CAB761D2}"
EndProject
Project("{9A19103F-16F7-4668-BE54-9A1E7A4F7556}") = "Songs Queue", "Songs Queue\Songs Queue.csproj", "{A5B69E5F-9950-47A3-9F4A-0D7947BAFCAE}"
EndProject
Project("{9A19103F-16F7-4668-BE54-9A1E7A4F7556}") = "Truck tour V2", "Truck tour V2\Truck tour V2.csproj", "{BB6F8A46-9096-4CFF-BE45-86966D31737D}"
EndProject
Project("{9A19103F-16F7-4668-BE54-9A1E7A4F7556}") = "Balanced Parentheses", "Balanced Parentheses\Balanced Parentheses.csproj", "{45EA14A9-A8ED-447A-98DD-4661987EA364}"
EndProject
Project("{9A19103F-16F7-4668-BE54-9A1E7A4F7556}") = "Simple Text Editor", "Simple Text Editor\Simple Text Editor.csproj", "{DE082B6B-0E9E-4EEB-86DD-CAC81A91A7A2}"
EndProject
Project("{2150E333-8FDC-42A3-9474-1A3956D46DE8}") = "SetsAndDictionaries", "SetsAndDictionaries", "{C76ACDBB-B4E5-47D2-8267-7BAE75AF8572}"
EndProject
Project("{9A19103F-16F7-4668-BE54-9A1E7A4F7556}") = "Unique Usernames", "Unique Usernames\Unique Usernames.csproj", "{3B707C2F-69C1-4825-B394-15E9C3C36004}"
EndProject
Project("{9A19103F-16F7-4668-BE54-9A1E7A4F7556}") = "Sets of Elements", "Sets of Elements\Sets of Elements.csproj", "{2B578F59-B481-4768-9AF2-3CEE92A0C416}"
EndProject
Project("{9A19103F-16F7-4668-BE54-9A1E7A4F7556}") = "Periodic table", "Periodic table\Periodic table.csproj", "{B8109463-88F3-4B67-AB1B-F68DB098BB5D}"
EndProject
Project("{9A19103F-16F7-4668-BE54-9A1E7A4F7556}") = "Even times", "Even times\Even times.csproj", "{39B3C387-2053-4A2C-B286-5F270D85EDFE}"
EndProject
Project("{9A19103F-16F7-4668-BE54-9A1E7A4F7556}") = "Count symbols", "Count symbols\Count symbols.csproj", "{CAB9642C-28CA-41D4-BF41-5BC5FAB255F3}"
EndProject
Project("{9A19103F-16F7-4668-BE54-9A1E7A4F7556}") = "Wardrobe", "Wardrobe\Wardrobe.csproj", "{D4DFCACB-9CB0-4930-AA0C-918F6CD7A2FF}"
EndProject
Project("{2150E333-8FDC-42A3-9474-1A3956D46DE8}") = "Multidimensinal Arrays", "Multidimensinal Arrays", "{16F98CBE-A3BC-4E63-B660-6A29A1F80A1F}"
EndProject
Project("{FAE04EC0-301F-11D3-BF4B-00C04F79EFBC}") = "Diagonal Difference", "Diagonal Difference\Diagonal Difference.csproj", "{07D5F86A-B1D7-4BC9-BFCD-1D6E9A40B13C}"
EndProject
Global
	GlobalSection(SolutionConfigurationPlatforms) = preSolution
		Debug|Any CPU = Debug|Any CPU
		Release|Any CPU = Release|Any CPU
	EndGlobalSection
	GlobalSection(ProjectConfigurationPlatforms) = postSolution
		{447890D2-4476-49C7-93FC-BA4432ED481E}.Debug|Any CPU.ActiveCfg = Debug|Any CPU
		{447890D2-4476-49C7-93FC-BA4432ED481E}.Debug|Any CPU.Build.0 = Debug|Any CPU
		{447890D2-4476-49C7-93FC-BA4432ED481E}.Release|Any CPU.ActiveCfg = Release|Any CPU
		{447890D2-4476-49C7-93FC-BA4432ED481E}.Release|Any CPU.Build.0 = Release|Any CPU
		{98F1130D-EAD6-4925-95BF-225D1ED0C016}.Debug|Any CPU.ActiveCfg = Debug|Any CPU
		{98F1130D-EAD6-4925-95BF-225D1ED0C016}.Debug|Any CPU.Build.0 = Debug|Any CPU
		{98F1130D-EAD6-4925-95BF-225D1ED0C016}.Release|Any CPU.ActiveCfg = Release|Any CPU
		{98F1130D-EAD6-4925-95BF-225D1ED0C016}.Release|Any CPU.Build.0 = Release|Any CPU
		{9556A299-6EAF-403C-AD8C-3B5FC0FC4617}.Debug|Any CPU.ActiveCfg = Debug|Any CPU
		{9556A299-6EAF-403C-AD8C-3B5FC0FC4617}.Debug|Any CPU.Build.0 = Debug|Any CPU
		{9556A299-6EAF-403C-AD8C-3B5FC0FC4617}.Release|Any CPU.ActiveCfg = Release|Any CPU
		{9556A299-6EAF-403C-AD8C-3B5FC0FC4617}.Release|Any CPU.Build.0 = Release|Any CPU
		{E19DF593-D0FA-4D4A-8930-E6A266E456D1}.Debug|Any CPU.ActiveCfg = Debug|Any CPU
		{E19DF593-D0FA-4D4A-8930-E6A266E456D1}.Debug|Any CPU.Build.0 = Debug|Any CPU
		{E19DF593-D0FA-4D4A-8930-E6A266E456D1}.Release|Any CPU.ActiveCfg = Release|Any CPU
		{E19DF593-D0FA-4D4A-8930-E6A266E456D1}.Release|Any CPU.Build.0 = Release|Any CPU
		{A2A3C3FE-644D-4336-B7F8-7580CAB761D2}.Debug|Any CPU.ActiveCfg = Debug|Any CPU
		{A2A3C3FE-644D-4336-B7F8-7580CAB761D2}.Debug|Any CPU.Build.0 = Debug|Any CPU
		{A2A3C3FE-644D-4336-B7F8-7580CAB761D2}.Release|Any CPU.ActiveCfg = Release|Any CPU
		{A2A3C3FE-644D-4336-B7F8-7580CAB761D2}.Release|Any CPU.Build.0 = Release|Any CPU
		{A5B69E5F-9950-47A3-9F4A-0D7947BAFCAE}.Debug|Any CPU.ActiveCfg = Debug|Any CPU
		{A5B69E5F-9950-47A3-9F4A-0D7947BAFCAE}.Debug|Any CPU.Build.0 = Debug|Any CPU
		{A5B69E5F-9950-47A3-9F4A-0D7947BAFCAE}.Release|Any CPU.ActiveCfg = Release|Any CPU
		{A5B69E5F-9950-47A3-9F4A-0D7947BAFCAE}.Release|Any CPU.Build.0 = Release|Any CPU
		{BB6F8A46-9096-4CFF-BE45-86966D31737D}.Debug|Any CPU.ActiveCfg = Debug|Any CPU
		{BB6F8A46-9096-4CFF-BE45-86966D31737D}.Debug|Any CPU.Build.0 = Debug|Any CPU
		{BB6F8A46-9096-4CFF-BE45-86966D31737D}.Release|Any CPU.ActiveCfg = Release|Any CPU
		{BB6F8A46-9096-4CFF-BE45-86966D31737D}.Release|Any CPU.Build.0 = Release|Any CPU
		{45EA14A9-A8ED-447A-98DD-4661987EA364}.Debug|Any CPU.ActiveCfg = Debug|Any CPU
		{45EA14A9-A8ED-447A-98DD-4661987EA364}.Debug|Any CPU.Build.0 = Debug|Any CPU
		{45EA14A9-A8ED-447A-98DD-4661987EA364}.Release|Any CPU.ActiveCfg = Release|Any CPU
		{45EA14A9-A8ED-447A-98DD-4661987EA364}.Release|Any CPU.Build.0 = Release|Any CPU
		{DE082B6B-0E9E-4EEB-86DD-CAC81A91A7A2}.Debug|Any CPU.ActiveCfg = Debug|Any CPU
		{DE082B6B-0E9E-4EEB-86DD-CAC81A91A7A2}.Debug|Any CPU.Build.0 = Debug|Any CPU
		{DE082B6B-0E9E-4EEB-86DD-CAC81A91A7A2}.Release|Any CPU.ActiveCfg = Release|Any CPU
		{DE082B6B-0E9E-4EEB-86DD-CAC81A91A7A2}.Release|Any CPU.Build.0 = Release|Any CPU
		{3B707C2F-69C1-4825-B394-15E9C3C36004}.Debug|Any CPU.ActiveCfg = Debug|Any CPU
		{3B707C2F-69C1-4825-B394-15E9C3C36004}.Debug|Any CPU.Build.0 = Debug|Any CPU
		{3B707C2F-69C1-4825-B394-15E9C3C36004}.Release|Any CPU.ActiveCfg = Release|Any CPU
		{3B707C2F-69C1-4825-B394-15E9C3C36004}.Release|Any CPU.Build.0 = Release|Any CPU
		{2B578F59-B481-4768-9AF2-3CEE92A0C416}.Debug|Any CPU.ActiveCfg = Debug|Any CPU
		{2B578F59-B481-4768-9AF2-3CEE92A0C416}.Debug|Any CPU.Build.0 = Debug|Any CPU
		{2B578F59-B481-4768-9AF2-3CEE92A0C416}.Release|Any CPU.ActiveCfg = Release|Any CPU
		{2B578F59-B481-4768-9AF2-3CEE92A0C416}.Release|Any CPU.Build.0 = Release|Any CPU
		{B8109463-88F3-4B67-AB1B-F68DB098BB5D}.Debug|Any CPU.ActiveCfg = Debug|Any CPU
		{B8109463-88F3-4B67-AB1B-F68DB098BB5D}.Debug|Any CPU.Build.0 = Debug|Any CPU
		{B8109463-88F3-4B67-AB1B-F68DB098BB5D}.Release|Any CPU.ActiveCfg = Release|Any CPU
		{B8109463-88F3-4B67-AB1B-F68DB098BB5D}.Release|Any CPU.Build.0 = Release|Any CPU
		{39B3C387-2053-4A2C-B286-5F270D85EDFE}.Debug|Any CPU.ActiveCfg = Debug|Any CPU
		{39B3C387-2053-4A2C-B286-5F270D85EDFE}.Debug|Any CPU.Build.0 = Debug|Any CPU
		{39B3C387-2053-4A2C-B286-5F270D85EDFE}.Release|Any CPU.ActiveCfg = Release|Any CPU
		{39B3C387-2053-4A2C-B286-5F270D85EDFE}.Release|Any CPU.Build.0 = Release|Any CPU
		{CAB9642C-28CA-41D4-BF41-5BC5FAB255F3}.Debug|Any CPU.ActiveCfg = Debug|Any CPU
		{CAB9642C-28CA-41D4-BF41-5BC5FAB255F3}.Debug|Any CPU.Build.0 = Debug|Any CPU
		{CAB9642C-28CA-41D4-BF41-5BC5FAB255F3}.Release|Any CPU.ActiveCfg = Release|Any CPU
		{CAB9642C-28CA-41D4-BF41-5BC5FAB255F3}.Release|Any CPU.Build.0 = Release|Any CPU
		{D4DFCACB-9CB0-4930-AA0C-918F6CD7A2FF}.Debug|Any CPU.ActiveCfg = Debug|Any CPU
		{D4DFCACB-9CB0-4930-AA0C-918F6CD7A2FF}.Debug|Any CPU.Build.0 = Debug|Any CPU
		{D4DFCACB-9CB0-4930-AA0C-918F6CD7A2FF}.Release|Any CPU.ActiveCfg = Release|Any CPU
		{D4DFCACB-9CB0-4930-AA0C-918F6CD7A2FF}.Release|Any CPU.Build.0 = Release|Any CPU
		{07D5F86A-B1D7-4BC9-BFCD-1D6E9A40B13C}.Debug|Any CPU.ActiveCfg = Debug|Any CPU
		{07D5F86A-B1D7-4BC9-BFCD-1D6E9A40B13C}.Debug|Any CPU.Build.0 = Debug|Any CPU
		{07D5F86A-B1D7-4BC9-BFCD-1D6E9A40B13C}.Release|Any CPU.ActiveCfg = Release|Any CPU
		{07D5F86A-B1D7-4BC9-BFCD-1D6E9A40B13C}.Release|Any CPU.Build.0 = Release|Any CPU
	EndGlobalSection
	GlobalSection(SolutionProperties) = preSolution
		HideSolutionNode = FALSE
	EndGlobalSection
	GlobalSection(NestedProjects) = preSolution
		{447890D2-4476-49C7-93FC-BA4432ED481E} = {D0D5B3B6-D5D2-4E58-8C4F-755A06B4CCFB}
		{98F1130D-EAD6-4925-95BF-225D1ED0C016} = {D0D5B3B6-D5D2-4E58-8C4F-755A06B4CCFB}
		{9556A299-6EAF-403C-AD8C-3B5FC0FC4617} = {D0D5B3B6-D5D2-4E58-8C4F-755A06B4CCFB}
		{E19DF593-D0FA-4D4A-8930-E6A266E456D1} = {D0D5B3B6-D5D2-4E58-8C4F-755A06B4CCFB}
		{A2A3C3FE-644D-4336-B7F8-7580CAB761D2} = {D0D5B3B6-D5D2-4E58-8C4F-755A06B4CCFB}
		{A5B69E5F-9950-47A3-9F4A-0D7947BAFCAE} = {D0D5B3B6-D5D2-4E58-8C4F-755A06B4CCFB}
		{BB6F8A46-9096-4CFF-BE45-86966D31737D} = {D0D5B3B6-D5D2-4E58-8C4F-755A06B4CCFB}
		{45EA14A9-A8ED-447A-98DD-4661987EA364} = {D0D5B3B6-D5D2-4E58-8C4F-755A06B4CCFB}
		{DE082B6B-0E9E-4EEB-86DD-CAC81A91A7A2} = {D0D5B3B6-D5D2-4E58-8C4F-755A06B4CCFB}
		{3B707C2F-69C1-4825-B394-15E9C3C36004} = {C76ACDBB-B4E5-47D2-8267-7BAE75AF8572}
		{2B578F59-B481-4768-9AF2-3CEE92A0C416} = {C76ACDBB-B4E5-47D2-8267-7BAE75AF8572}
		{B8109463-88F3-4B67-AB1B-F68DB098BB5D} = {C76ACDBB-B4E5-47D2-8267-7BAE75AF8572}
		{39B3C387-2053-4A2C-B286-5F270D85EDFE} = {C76ACDBB-B4E5-47D2-8267-7BAE75AF8572}
		{CAB9642C-28CA-41D4-BF41-5BC5FAB255F3} = {C76ACDBB-B4E5-47D2-8267-7BAE75AF8572}
		{D4DFCACB-9CB0-4930-AA0C-918F6CD7A2FF} = {C76ACDBB-B4E5-47D2-8267-7BAE75AF8572}
		{07D5F86A-B1D7-4BC9-BFCD-1D6E9A40B13C} = {16F98CBE-A3BC-4E63-B660-6A29A1F80A1F}
	EndGlobalSection
	GlobalSection(ExtensibilityGlobals) = postSolution
		SolutionGuid = {0AB89963-F1D1-452C-BCCC-38FD0E39E066}
	EndGlobalSection
EndGlobal
